// !$*UTF8*$!
{
	archiveVersion = 1;
	classes = {
	};
	objectVersion = 50;
	objects = {

/* Begin PBXBuildFile section */
		0D3276DC21BA492C00B5F81D /* MainMenuScene.swift in Sources */ = {isa = PBXBuildFile; fileRef = 0D3276DB21BA492C00B5F81D /* MainMenuScene.swift */; };
		0D3276DE21BA493E00B5F81D /* MainMenuScene.sks in Resources */ = {isa = PBXBuildFile; fileRef = 0D3276DD21BA493E00B5F81D /* MainMenuScene.sks */; };
		0DB6BA0421B6689C005451DB /* AppDelegate.swift in Sources */ = {isa = PBXBuildFile; fileRef = 0DB6BA0321B6689C005451DB /* AppDelegate.swift */; };
		0DB6BA0621B6689C005451DB /* GameScene.sks in Resources */ = {isa = PBXBuildFile; fileRef = 0DB6BA0521B6689C005451DB /* GameScene.sks */; };
		0DB6BA0821B6689C005451DB /* Actions.sks in Resources */ = {isa = PBXBuildFile; fileRef = 0DB6BA0721B6689C005451DB /* Actions.sks */; };
		0DB6BA0A21B6689C005451DB /* GameScene.swift in Sources */ = {isa = PBXBuildFile; fileRef = 0DB6BA0921B6689C005451DB /* GameScene.swift */; };
		0DB6BA0C21B6689C005451DB /* GameViewController.swift in Sources */ = {isa = PBXBuildFile; fileRef = 0DB6BA0B21B6689C005451DB /* GameViewController.swift */; };
		0DB6BA0F21B6689C005451DB /* Main.storyboard in Resources */ = {isa = PBXBuildFile; fileRef = 0DB6BA0D21B6689C005451DB /* Main.storyboard */; };
		0DB6BA1121B6689E005451DB /* Assets.xcassets in Resources */ = {isa = PBXBuildFile; fileRef = 0DB6BA1021B6689E005451DB /* Assets.xcassets */; };
		0DB6BA1421B6689E005451DB /* LaunchScreen.storyboard in Resources */ = {isa = PBXBuildFile; fileRef = 0DB6BA1221B6689E005451DB /* LaunchScreen.storyboard */; };
		0DB6BA1F21B6689E005451DB /* __SidesTests.swift in Sources */ = {isa = PBXBuildFile; fileRef = 0DB6BA1E21B6689E005451DB /* __SidesTests.swift */; };
		0DB6BA2A21B6689E005451DB /* __SidesUITests.swift in Sources */ = {isa = PBXBuildFile; fileRef = 0DB6BA2921B6689E005451DB /* __SidesUITests.swift */; };
		0DB6BA3821B6B36D005451DB /* UtilityFuncs.swift in Sources */ = {isa = PBXBuildFile; fileRef = 0DB6BA3721B6B36D005451DB /* UtilityFuncs.swift */; };
		0DB6BA3A21B79FA3005451DB /* SideObject.swift in Sources */ = {isa = PBXBuildFile; fileRef = 0DB6BA3921B79FA3005451DB /* SideObject.swift */; };
		0DB6BA3C21B7A1B6005451DB /* ModelsAndData.swift in Sources */ = {isa = PBXBuildFile; fileRef = 0DB6BA3B21B7A1B6005451DB /* ModelsAndData.swift */; };
		0DB6BA3E21B7AD4A005451DB /* BallObject.swift in Sources */ = {isa = PBXBuildFile; fileRef = 0DB6BA3D21B7AD4A005451DB /* BallObject.swift */; };
		0DB6BA4121B7C3E9005451DB /* CaviarDreams.ttf in Resources */ = {isa = PBXBuildFile; fileRef = 0DB6BA4021B7C3E9005451DB /* CaviarDreams.ttf */; };
		0DB6BA4321B80907005451DB /* Correct.wav in Resources */ = {isa = PBXBuildFile; fileRef = 0DB6BA4221B80906005451DB /* Correct.wav */; };
		0DB6BA4521B8B22E005451DB /* Incorrect.wav in Resources */ = {isa = PBXBuildFile; fileRef = 0DB6BA4421B8B22E005451DB /* Incorrect.wav */; };
		0DB6BA4721B8B4B7005451DB /* GameOverScene.sks in Resources */ = {isa = PBXBuildFile; fileRef = 0DB6BA4621B8B4B7005451DB /* GameOverScene.sks */; };
		0DB6BA4921B8B503005451DB /* GameOverScene.swift in Sources */ = {isa = PBXBuildFile; fileRef = 0DB6BA4821B8B503005451DB /* GameOverScene.swift */; };
/* End PBXBuildFile section */

/* Begin PBXContainerItemProxy section */
		0DB6BA1B21B6689E005451DB /* PBXContainerItemProxy */ = {
			isa = PBXContainerItemProxy;
			containerPortal = 0DB6B9F821B6689C005451DB /* Project object */;
			proxyType = 1;
			remoteGlobalIDString = 0DB6B9FF21B6689C005451DB;
			remoteInfo = "7 Sides";
		};
		0DB6BA2621B6689E005451DB /* PBXContainerItemProxy */ = {
			isa = PBXContainerItemProxy;
			containerPortal = 0DB6B9F821B6689C005451DB /* Project object */;
			proxyType = 1;
			remoteGlobalIDString = 0DB6B9FF21B6689C005451DB;
			remoteInfo = "7 Sides";
		};
/* End PBXContainerItemProxy section */

/* Begin PBXFileReference section */
		0D3276DB21BA492C00B5F81D /* MainMenuScene.swift */ = {isa = PBXFileReference; lastKnownFileType = sourcecode.swift; path = MainMenuScene.swift; sourceTree = "<group>"; };
		0D3276DD21BA493E00B5F81D /* MainMenuScene.sks */ = {isa = PBXFileReference; lastKnownFileType = file.sks; path = MainMenuScene.sks; sourceTree = "<group>"; };
		0DB6BA0021B6689C005451DB /* 7 Sides.app */ = {isa = PBXFileReference; explicitFileType = wrapper.application; includeInIndex = 0; path = "7 Sides.app"; sourceTree = BUILT_PRODUCTS_DIR; };
		0DB6BA0321B6689C005451DB /* AppDelegate.swift */ = {isa = PBXFileReference; lastKnownFileType = sourcecode.swift; path = AppDelegate.swift; sourceTree = "<group>"; };
		0DB6BA0521B6689C005451DB /* GameScene.sks */ = {isa = PBXFileReference; lastKnownFileType = file.sks; path = GameScene.sks; sourceTree = "<group>"; };
		0DB6BA0721B6689C005451DB /* Actions.sks */ = {isa = PBXFileReference; lastKnownFileType = file.sks; path = Actions.sks; sourceTree = "<group>"; };
		0DB6BA0921B6689C005451DB /* GameScene.swift */ = {isa = PBXFileReference; lastKnownFileType = sourcecode.swift; path = GameScene.swift; sourceTree = "<group>"; };
		0DB6BA0B21B6689C005451DB /* GameViewController.swift */ = {isa = PBXFileReference; lastKnownFileType = sourcecode.swift; path = GameViewController.swift; sourceTree = "<group>"; };
		0DB6BA0E21B6689C005451DB /* Base */ = {isa = PBXFileReference; lastKnownFileType = file.storyboard; name = Base; path = Base.lproj/Main.storyboard; sourceTree = "<group>"; };
		0DB6BA1021B6689E005451DB /* Assets.xcassets */ = {isa = PBXFileReference; lastKnownFileType = folder.assetcatalog; path = Assets.xcassets; sourceTree = "<group>"; };
		0DB6BA1321B6689E005451DB /* Base */ = {isa = PBXFileReference; lastKnownFileType = file.storyboard; name = Base; path = Base.lproj/LaunchScreen.storyboard; sourceTree = "<group>"; };
		0DB6BA1521B6689E005451DB /* Info.plist */ = {isa = PBXFileReference; lastKnownFileType = text.plist.xml; path = Info.plist; sourceTree = "<group>"; };
		0DB6BA1A21B6689E005451DB /* 7 SidesTests.xctest */ = {isa = PBXFileReference; explicitFileType = wrapper.cfbundle; includeInIndex = 0; path = "7 SidesTests.xctest"; sourceTree = BUILT_PRODUCTS_DIR; };
		0DB6BA1E21B6689E005451DB /* __SidesTests.swift */ = {isa = PBXFileReference; lastKnownFileType = sourcecode.swift; path = __SidesTests.swift; sourceTree = "<group>"; };
		0DB6BA2021B6689E005451DB /* Info.plist */ = {isa = PBXFileReference; lastKnownFileType = text.plist.xml; path = Info.plist; sourceTree = "<group>"; };
		0DB6BA2521B6689E005451DB /* 7 SidesUITests.xctest */ = {isa = PBXFileReference; explicitFileType = wrapper.cfbundle; includeInIndex = 0; path = "7 SidesUITests.xctest"; sourceTree = BUILT_PRODUCTS_DIR; };
		0DB6BA2921B6689E005451DB /* __SidesUITests.swift */ = {isa = PBXFileReference; lastKnownFileType = sourcecode.swift; path = __SidesUITests.swift; sourceTree = "<group>"; };
		0DB6BA2B21B6689E005451DB /* Info.plist */ = {isa = PBXFileReference; lastKnownFileType = text.plist.xml; path = Info.plist; sourceTree = "<group>"; };
		0DB6BA3721B6B36D005451DB /* UtilityFuncs.swift */ = {isa = PBXFileReference; lastKnownFileType = sourcecode.swift; path = UtilityFuncs.swift; sourceTree = "<group>"; };
		0DB6BA3921B79FA3005451DB /* SideObject.swift */ = {isa = PBXFileReference; lastKnownFileType = sourcecode.swift; path = SideObject.swift; sourceTree = "<group>"; };
		0DB6BA3B21B7A1B6005451DB /* ModelsAndData.swift */ = {isa = PBXFileReference; lastKnownFileType = sourcecode.swift; path = ModelsAndData.swift; sourceTree = "<group>"; };
		0DB6BA3D21B7AD4A005451DB /* BallObject.swift */ = {isa = PBXFileReference; lastKnownFileType = sourcecode.swift; path = BallObject.swift; sourceTree = "<group>"; };
		0DB6BA4021B7C3E9005451DB /* CaviarDreams.ttf */ = {isa = PBXFileReference; lastKnownFileType = file; path = CaviarDreams.ttf; sourceTree = "<group>"; };
		0DB6BA4221B80906005451DB /* Correct.wav */ = {isa = PBXFileReference; lastKnownFileType = audio.wav; name = Correct.wav; path = ../../DisappearingDiscs/DisappearingDiscs/Correct.wav; sourceTree = "<group>"; };
		0DB6BA4421B8B22E005451DB /* Incorrect.wav */ = {isa = PBXFileReference; lastKnownFileType = audio.wav; name = Incorrect.wav; path = ../../DisappearingDiscs/DisappearingDiscs/Incorrect.wav; sourceTree = "<group>"; };
		0DB6BA4621B8B4B7005451DB /* GameOverScene.sks */ = {isa = PBXFileReference; lastKnownFileType = file.sks; path = GameOverScene.sks; sourceTree = "<group>"; };
		0DB6BA4821B8B503005451DB /* GameOverScene.swift */ = {isa = PBXFileReference; lastKnownFileType = sourcecode.swift; path = GameOverScene.swift; sourceTree = "<group>"; };
/* End PBXFileReference section */

/* Begin PBXFrameworksBuildPhase section */
		0DB6B9FD21B6689C005451DB /* Frameworks */ = {
			isa = PBXFrameworksBuildPhase;
			buildActionMask = 2147483647;
			files = (
			);
			runOnlyForDeploymentPostprocessing = 0;
		};
		0DB6BA1721B6689E005451DB /* Frameworks */ = {
			isa = PBXFrameworksBuildPhase;
			buildActionMask = 2147483647;
			files = (
			);
			runOnlyForDeploymentPostprocessing = 0;
		};
		0DB6BA2221B6689E005451DB /* Frameworks */ = {
			isa = PBXFrameworksBuildPhase;
			buildActionMask = 2147483647;
			files = (
			);
			runOnlyForDeploymentPostprocessing = 0;
		};
/* End PBXFrameworksBuildPhase section */

/* Begin PBXGroup section */
		0D3276DF21BA49A500B5F81D /* Scenes */ = {
			isa = PBXGroup;
			children = (
				0D3276DD21BA493E00B5F81D /* MainMenuScene.sks */,
				0D3276DB21BA492C00B5F81D /* MainMenuScene.swift */,
				0DB6BA0521B6689C005451DB /* GameScene.sks */,
				0DB6BA0921B6689C005451DB /* GameScene.swift */,
				0DB6BA4621B8B4B7005451DB /* GameOverScene.sks */,
				0DB6BA4821B8B503005451DB /* GameOverScene.swift */,
			);
			path = Scenes;
			sourceTree = "<group>";
		};
		0DB6B9F721B6689C005451DB = {
			isa = PBXGroup;
			children = (
				0DB6BA0221B6689C005451DB /* 7 Sides */,
				0DB6BA1D21B6689E005451DB /* 7 SidesTests */,
				0DB6BA2821B6689E005451DB /* 7 SidesUITests */,
				0DB6BA0121B6689C005451DB /* Products */,
			);
			sourceTree = "<group>";
		};
		0DB6BA0121B6689C005451DB /* Products */ = {
			isa = PBXGroup;
			children = (
				0DB6BA0021B6689C005451DB /* 7 Sides.app */,
				0DB6BA1A21B6689E005451DB /* 7 SidesTests.xctest */,
				0DB6BA2521B6689E005451DB /* 7 SidesUITests.xctest */,
			);
			name = Products;
			sourceTree = "<group>";
		};
		0DB6BA0221B6689C005451DB /* 7 Sides */ = {
			isa = PBXGroup;
			children = (
				0DB6BA0321B6689C005451DB /* AppDelegate.swift */,
				0DB6BA3721B6B36D005451DB /* UtilityFuncs.swift */,
				0DB6BA0721B6689C005451DB /* Actions.sks */,
				0D3276DF21BA49A500B5F81D /* Scenes */,
				0DB6BA3F21B7AD84005451DB /* Objects, Models, Data */,
				0DB6BA0B21B6689C005451DB /* GameViewController.swift */,
				0DB6BA0D21B6689C005451DB /* Main.storyboard */,
				0DB6BA1021B6689E005451DB /* Assets.xcassets */,
				0DB6BA4421B8B22E005451DB /* Incorrect.wav */,
				0DB6BA4221B80906005451DB /* Correct.wav */,
				0DB6BA4021B7C3E9005451DB /* CaviarDreams.ttf */,
				0DB6BA1221B6689E005451DB /* LaunchScreen.storyboard */,
				0DB6BA1521B6689E005451DB /* Info.plist */,
			);
			path = "7 Sides";
			sourceTree = "<group>";
		};
		0DB6BA1D21B6689E005451DB /* 7 SidesTests */ = {
			isa = PBXGroup;
			children = (
				0DB6BA1E21B6689E005451DB /* __SidesTests.swift */,
				0DB6BA2021B6689E005451DB /* Info.plist */,
			);
			path = "7 SidesTests";
			sourceTree = "<group>";
		};
		0DB6BA2821B6689E005451DB /* 7 SidesUITests */ = {
			isa = PBXGroup;
			children = (
				0DB6BA2921B6689E005451DB /* __SidesUITests.swift */,
				0DB6BA2B21B6689E005451DB /* Info.plist */,
			);
			path = "7 SidesUITests";
			sourceTree = "<group>";
		};
		0DB6BA3F21B7AD84005451DB /* Objects, Models, Data */ = {
			isa = PBXGroup;
			children = (
				0DB6BA3D21B7AD4A005451DB /* BallObject.swift */,
				0DB6BA3921B79FA3005451DB /* SideObject.swift */,
				0DB6BA3B21B7A1B6005451DB /* ModelsAndData.swift */,
			);
			path = "Objects, Models, Data";
			sourceTree = "<group>";
		};
/* End PBXGroup section */

/* Begin PBXNativeTarget section */
		0DB6B9FF21B6689C005451DB /* 7 Sides */ = {
			isa = PBXNativeTarget;
			buildConfigurationList = 0DB6BA2E21B6689E005451DB /* Build configuration list for PBXNativeTarget "7 Sides" */;
			buildPhases = (
				0DB6B9FC21B6689C005451DB /* Sources */,
				0DB6B9FD21B6689C005451DB /* Frameworks */,
				0DB6B9FE21B6689C005451DB /* Resources */,
			);
			buildRules = (
			);
			dependencies = (
			);
			name = "7 Sides";
			productName = "7 Sides";
			productReference = 0DB6BA0021B6689C005451DB /* 7 Sides.app */;
			productType = "com.apple.product-type.application";
		};
		0DB6BA1921B6689E005451DB /* 7 SidesTests */ = {
			isa = PBXNativeTarget;
			buildConfigurationList = 0DB6BA3121B6689E005451DB /* Build configuration list for PBXNativeTarget "7 SidesTests" */;
			buildPhases = (
				0DB6BA1621B6689E005451DB /* Sources */,
				0DB6BA1721B6689E005451DB /* Frameworks */,
				0DB6BA1821B6689E005451DB /* Resources */,
			);
			buildRules = (
			);
			dependencies = (
				0DB6BA1C21B6689E005451DB /* PBXTargetDependency */,
			);
			name = "7 SidesTests";
			productName = "7 SidesTests";
			productReference = 0DB6BA1A21B6689E005451DB /* 7 SidesTests.xctest */;
			productType = "com.apple.product-type.bundle.unit-test";
		};
		0DB6BA2421B6689E005451DB /* 7 SidesUITests */ = {
			isa = PBXNativeTarget;
			buildConfigurationList = 0DB6BA3421B6689E005451DB /* Build configuration list for PBXNativeTarget "7 SidesUITests" */;
			buildPhases = (
				0DB6BA2121B6689E005451DB /* Sources */,
				0DB6BA2221B6689E005451DB /* Frameworks */,
				0DB6BA2321B6689E005451DB /* Resources */,
			);
			buildRules = (
			);
			dependencies = (
				0DB6BA2721B6689E005451DB /* PBXTargetDependency */,
			);
			name = "7 SidesUITests";
			productName = "7 SidesUITests";
			productReference = 0DB6BA2521B6689E005451DB /* 7 SidesUITests.xctest */;
			productType = "com.apple.product-type.bundle.ui-testing";
		};
/* End PBXNativeTarget section */

/* Begin PBXProject section */
		0DB6B9F821B6689C005451DB /* Project object */ = {
			isa = PBXProject;
			attributes = {
				LastSwiftUpdateCheck = 1010;
				LastUpgradeCheck = 1010;
				ORGANIZATIONNAME = Rui;
				TargetAttributes = {
					0DB6B9FF21B6689C005451DB = {
						CreatedOnToolsVersion = 10.1;
					};
					0DB6BA1921B6689E005451DB = {
						CreatedOnToolsVersion = 10.1;
						TestTargetID = 0DB6B9FF21B6689C005451DB;
					};
					0DB6BA2421B6689E005451DB = {
						CreatedOnToolsVersion = 10.1;
						TestTargetID = 0DB6B9FF21B6689C005451DB;
					};
				};
			};
			buildConfigurationList = 0DB6B9FB21B6689C005451DB /* Build configuration list for PBXProject "7 Sides" */;
			compatibilityVersion = "Xcode 9.3";
			developmentRegion = en;
			hasScannedForEncodings = 0;
			knownRegions = (
				en,
				Base,
			);
			mainGroup = 0DB6B9F721B6689C005451DB;
			productRefGroup = 0DB6BA0121B6689C005451DB /* Products */;
			projectDirPath = "";
			projectRoot = "";
			targets = (
				0DB6B9FF21B6689C005451DB /* 7 Sides */,
				0DB6BA1921B6689E005451DB /* 7 SidesTests */,
				0DB6BA2421B6689E005451DB /* 7 SidesUITests */,
			);
		};
/* End PBXProject section */

/* Begin PBXResourcesBuildPhase section */
		0DB6B9FE21B6689C005451DB /* Resources */ = {
			isa = PBXResourcesBuildPhase;
			buildActionMask = 2147483647;
			files = (
				0DB6BA0F21B6689C005451DB /* Main.storyboard in Resources */,
				0DB6BA0621B6689C005451DB /* GameScene.sks in Resources */,
				0DB6BA4121B7C3E9005451DB /* CaviarDreams.ttf in Resources */,
				0DB6BA1121B6689E005451DB /* Assets.xcassets in Resources */,
				0D3276DE21BA493E00B5F81D /* MainMenuScene.sks in Resources */,
				0DB6BA4521B8B22E005451DB /* Incorrect.wav in Resources */,
				0DB6BA1421B6689E005451DB /* LaunchScreen.storyboard in Resources */,
				0DB6BA0821B6689C005451DB /* Actions.sks in Resources */,
				0DB6BA4721B8B4B7005451DB /* GameOverScene.sks in Resources */,
				0DB6BA4321B80907005451DB /* Correct.wav in Resources */,
			);
			runOnlyForDeploymentPostprocessing = 0;
		};
		0DB6BA1821B6689E005451DB /* Resources */ = {
			isa = PBXResourcesBuildPhase;
			buildActionMask = 2147483647;
			files = (
			);
			runOnlyForDeploymentPostprocessing = 0;
		};
		0DB6BA2321B6689E005451DB /* Resources */ = {
			isa = PBXResourcesBuildPhase;
			buildActionMask = 2147483647;
			files = (
			);
			runOnlyForDeploymentPostprocessing = 0;
		};
/* End PBXResourcesBuildPhase section */

/* Begin PBXSourcesBuildPhase section */
		0DB6B9FC21B6689C005451DB /* Sources */ = {
			isa = PBXSourcesBuildPhase;
			buildActionMask = 2147483647;
			files = (
				0DB6BA3821B6B36D005451DB /* UtilityFuncs.swift in Sources */,
				0DB6BA3E21B7AD4A005451DB /* BallObject.swift in Sources */,
				0DB6BA4921B8B503005451DB /* GameOverScene.swift in Sources */,
				0D3276DC21BA492C00B5F81D /* MainMenuScene.swift in Sources */,
				0DB6BA0A21B6689C005451DB /* GameScene.swift in Sources */,
				0DB6BA3A21B79FA3005451DB /* SideObject.swift in Sources */,
				0DB6BA0C21B6689C005451DB /* GameViewController.swift in Sources */,
				0DB6BA0421B6689C005451DB /* AppDelegate.swift in Sources */,
				0DB6BA3C21B7A1B6005451DB /* ModelsAndData.swift in Sources */,
			);
			runOnlyForDeploymentPostprocessing = 0;
		};
		0DB6BA1621B6689E005451DB /* Sources */ = {
			isa = PBXSourcesBuildPhase;
			buildActionMask = 2147483647;
			files = (
				0DB6BA1F21B6689E005451DB /* __SidesTests.swift in Sources */,
			);
			runOnlyForDeploymentPostprocessing = 0;
		};
		0DB6BA2121B6689E005451DB /* Sources */ = {
			isa = PBXSourcesBuildPhase;
			buildActionMask = 2147483647;
			files = (
				0DB6BA2A21B6689E005451DB /* __SidesUITests.swift in Sources */,
			);
			runOnlyForDeploymentPostprocessing = 0;
		};
/* End PBXSourcesBuildPhase section */

/* Begin PBXTargetDependency section */
		0DB6BA1C21B6689E005451DB /* PBXTargetDependency */ = {
			isa = PBXTargetDependency;
			target = 0DB6B9FF21B6689C005451DB /* 7 Sides */;
			targetProxy = 0DB6BA1B21B6689E005451DB /* PBXContainerItemProxy */;
		};
		0DB6BA2721B6689E005451DB /* PBXTargetDependency */ = {
			isa = PBXTargetDependency;
			target = 0DB6B9FF21B6689C005451DB /* 7 Sides */;
			targetProxy = 0DB6BA2621B6689E005451DB /* PBXContainerItemProxy */;
		};
/* End PBXTargetDependency section */

/* Begin PBXVariantGroup section */
		0DB6BA0D21B6689C005451DB /* Main.storyboard */ = {
			isa = PBXVariantGroup;
			children = (
				0DB6BA0E21B6689C005451DB /* Base */,
			);
			name = Main.storyboard;
			sourceTree = "<group>";
		};
		0DB6BA1221B6689E005451DB /* LaunchScreen.storyboard */ = {
			isa = PBXVariantGroup;
			children = (
				0DB6BA1321B6689E005451DB /* Base */,
			);
			name = LaunchScreen.storyboard;
			sourceTree = "<group>";
		};
/* End PBXVariantGroup section */

/* Begin XCBuildConfiguration section */
		0DB6BA2C21B6689E005451DB /* Debug */ = {
			isa = XCBuildConfiguration;
			buildSettings = {
				ALWAYS_SEARCH_USER_PATHS = NO;
				CLANG_ANALYZER_NONNULL = YES;
				CLANG_ANALYZER_NUMBER_OBJECT_CONVERSION = YES_AGGRESSIVE;
				CLANG_CXX_LANGUAGE_STANDARD = "gnu++14";
				CLANG_CXX_LIBRARY = "libc++";
				CLANG_ENABLE_MODULES = YES;
				CLANG_ENABLE_OBJC_ARC = YES;
				CLANG_ENABLE_OBJC_WEAK = YES;
				CLANG_WARN_BLOCK_CAPTURE_AUTORELEASING = YES;
				CLANG_WARN_BOOL_CONVERSION = YES;
				CLANG_WARN_COMMA = YES;
				CLANG_WARN_CONSTANT_CONVERSION = YES;
				CLANG_WARN_DEPRECATED_OBJC_IMPLEMENTATIONS = YES;
				CLANG_WARN_DIRECT_OBJC_ISA_USAGE = YES_ERROR;
				CLANG_WARN_DOCUMENTATION_COMMENTS = YES;
				CLANG_WARN_EMPTY_BODY = YES;
				CLANG_WARN_ENUM_CONVERSION = YES;
				CLANG_WARN_INFINITE_RECURSION = YES;
				CLANG_WARN_INT_CONVERSION = YES;
				CLANG_WARN_NON_LITERAL_NULL_CONVERSION = YES;
				CLANG_WARN_OBJC_IMPLICIT_RETAIN_SELF = YES;
				CLANG_WARN_OBJC_LITERAL_CONVERSION = YES;
				CLANG_WARN_OBJC_ROOT_CLASS = YES_ERROR;
				CLANG_WARN_RANGE_LOOP_ANALYSIS = YES;
				CLANG_WARN_STRICT_PROTOTYPES = YES;
				CLANG_WARN_SUSPICIOUS_MOVE = YES;
				CLANG_WARN_UNGUARDED_AVAILABILITY = YES_AGGRESSIVE;
				CLANG_WARN_UNREACHABLE_CODE = YES;
				CLANG_WARN__DUPLICATE_METHOD_MATCH = YES;
				CODE_SIGN_IDENTITY = "iPhone Developer";
				COPY_PHASE_STRIP = NO;
				DEBUG_INFORMATION_FORMAT = dwarf;
				ENABLE_STRICT_OBJC_MSGSEND = YES;
				ENABLE_TESTABILITY = YES;
				GCC_C_LANGUAGE_STANDARD = gnu11;
				GCC_DYNAMIC_NO_PIC = NO;
				GCC_NO_COMMON_BLOCKS = YES;
				GCC_OPTIMIZATION_LEVEL = 0;
				GCC_PREPROCESSOR_DEFINITIONS = (
					"DEBUG=1",
					"$(inherited)",
				);
				GCC_WARN_64_TO_32_BIT_CONVERSION = YES;
				GCC_WARN_ABOUT_RETURN_TYPE = YES_ERROR;
				GCC_WARN_UNDECLARED_SELECTOR = YES;
				GCC_WARN_UNINITIALIZED_AUTOS = YES_AGGRESSIVE;
				GCC_WARN_UNUSED_FUNCTION = YES;
				GCC_WARN_UNUSED_VARIABLE = YES;
				IPHONEOS_DEPLOYMENT_TARGET = 12.1;
				MTL_ENABLE_DEBUG_INFO = INCLUDE_SOURCE;
				MTL_FAST_MATH = YES;
				ONLY_ACTIVE_ARCH = YES;
				SDKROOT = iphoneos;
				SWIFT_ACTIVE_COMPILATION_CONDITIONS = DEBUG;
				SWIFT_OPTIMIZATION_LEVEL = "-Onone";
			};
			name = Debug;
		};
		0DB6BA2D21B6689E005451DB /* Release */ = {
			isa = XCBuildConfiguration;
			buildSettings = {
				ALWAYS_SEARCH_USER_PATHS = NO;
				CLANG_ANALYZER_NONNULL = YES;
				CLANG_ANALYZER_NUMBER_OBJECT_CONVERSION = YES_AGGRESSIVE;
				CLANG_CXX_LANGUAGE_STANDARD = "gnu++14";
				CLANG_CXX_LIBRARY = "libc++";
				CLANG_ENABLE_MODULES = YES;
				CLANG_ENABLE_OBJC_ARC = YES;
				CLANG_ENABLE_OBJC_WEAK = YES;
				CLANG_WARN_BLOCK_CAPTURE_AUTORELEASING = YES;
				CLANG_WARN_BOOL_CONVERSION = YES;
				CLANG_WARN_COMMA = YES;
				CLANG_WARN_CONSTANT_CONVERSION = YES;
				CLANG_WARN_DEPRECATED_OBJC_IMPLEMENTATIONS = YES;
				CLANG_WARN_DIRECT_OBJC_ISA_USAGE = YES_ERROR;
				CLANG_WARN_DOCUMENTATION_COMMENTS = YES;
				CLANG_WARN_EMPTY_BODY = YES;
				CLANG_WARN_ENUM_CONVERSION = YES;
				CLANG_WARN_INFINITE_RECURSION = YES;
				CLANG_WARN_INT_CONVERSION = YES;
				CLANG_WARN_NON_LITERAL_NULL_CONVERSION = YES;
				CLANG_WARN_OBJC_IMPLICIT_RETAIN_SELF = YES;
				CLANG_WARN_OBJC_LITERAL_CONVERSION = YES;
				CLANG_WARN_OBJC_ROOT_CLASS = YES_ERROR;
				CLANG_WARN_RANGE_LOOP_ANALYSIS = YES;
				CLANG_WARN_STRICT_PROTOTYPES = YES;
				CLANG_WARN_SUSPICIOUS_MOVE = YES;
				CLANG_WARN_UNGUARDED_AVAILABILITY = YES_AGGRESSIVE;
				CLANG_WARN_UNREACHABLE_CODE = YES;
				CLANG_WARN__DUPLICATE_METHOD_MATCH = YES;
				CODE_SIGN_IDENTITY = "iPhone Developer";
				COPY_PHASE_STRIP = NO;
				DEBUG_INFORMATION_FORMAT = "dwarf-with-dsym";
				ENABLE_NS_ASSERTIONS = NO;
				ENABLE_STRICT_OBJC_MSGSEND = YES;
				GCC_C_LANGUAGE_STANDARD = gnu11;
				GCC_NO_COMMON_BLOCKS = YES;
				GCC_WARN_64_TO_32_BIT_CONVERSION = YES;
				GCC_WARN_ABOUT_RETURN_TYPE = YES_ERROR;
				GCC_WARN_UNDECLARED_SELECTOR = YES;
				GCC_WARN_UNINITIALIZED_AUTOS = YES_AGGRESSIVE;
				GCC_WARN_UNUSED_FUNCTION = YES;
				GCC_WARN_UNUSED_VARIABLE = YES;
				IPHONEOS_DEPLOYMENT_TARGET = 12.1;
				MTL_ENABLE_DEBUG_INFO = NO;
				MTL_FAST_MATH = YES;
				SDKROOT = iphoneos;
				SWIFT_COMPILATION_MODE = wholemodule;
				SWIFT_OPTIMIZATION_LEVEL = "-O";
				VALIDATE_PRODUCT = YES;
			};
			name = Release;
		};
		0DB6BA2F21B6689E005451DB /* Debug */ = {
			isa = XCBuildConfiguration;
			buildSettings = {
				ASSETCATALOG_COMPILER_APPICON_NAME = AppIcon;
				CODE_SIGN_STYLE = Automatic;
				INFOPLIST_FILE = "7 Sides/Info.plist";
				IPHONEOS_DEPLOYMENT_TARGET = 10.0;
				LD_RUNPATH_SEARCH_PATHS = (
					"$(inherited)",
					"@executable_path/Frameworks",
				);
				PRODUCT_BUNDLE_IDENTIFIER = "-000.--Sides";
				PRODUCT_NAME = "$(TARGET_NAME)";
				SWIFT_VERSION = 4.2;
				TARGETED_DEVICE_FAMILY = "1,2";
			};
			name = Debug;
		};
		0DB6BA3021B6689E005451DB /* Release */ = {
			isa = XCBuildConfiguration;
			buildSettings = {
				ASSETCATALOG_COMPILER_APPICON_NAME = AppIcon;
				CODE_SIGN_STYLE = Automatic;
				INFOPLIST_FILE = "7 Sides/Info.plist";
				IPHONEOS_DEPLOYMENT_TARGET = 10.0;
				LD_RUNPATH_SEARCH_PATHS = (
					"$(inherited)",
					"@executable_path/Frameworks",
				);
				PRODUCT_BUNDLE_IDENTIFIER = "-000.--Sides";
				PRODUCT_NAME = "$(TARGET_NAME)";
				SWIFT_VERSION = 4.2;
				TARGETED_DEVICE_FAMILY = "1,2";
			};
			name = Release;
		};
		0DB6BA3221B6689E005451DB /* Debug */ = {
			isa = XCBuildConfiguration;
			buildSettings = {
				ALWAYS_EMBED_SWIFT_STANDARD_LIBRARIES = YES;
				BUNDLE_LOADER = "$(TEST_HOST)";
				CODE_SIGN_STYLE = Automatic;
				INFOPLIST_FILE = "7 SidesTests/Info.plist";
				LD_RUNPATH_SEARCH_PATHS = (
					"$(inherited)",
					"@executable_path/Frameworks",
					"@loader_path/Frameworks",
				);
				PRODUCT_BUNDLE_IDENTIFIER = "-000.--SidesTests";
				PRODUCT_NAME = "$(TARGET_NAME)";
				SWIFT_VERSION = 4.2;
				TARGETED_DEVICE_FAMILY = "1,2";
				TEST_HOST = "$(BUILT_PRODUCTS_DIR)/7 Sides.app/7 Sides";
			};
			name = Debug;
		};
		0DB6BA3321B6689E005451DB /* Release */ = {
			isa = XCBuildConfiguration;
			buildSettings = {
				ALWAYS_EMBED_SWIFT_STANDARD_LIBRARIES = YES;
				BUNDLE_LOADER = "$(TEST_HOST)";
				CODE_SIGN_STYLE = Automatic;
				INFOPLIST_FILE = "7 SidesTests/Info.plist";
				LD_RUNPATH_SEARCH_PATHS = (
					"$(inherited)",
					"@executable_path/Frameworks",
					"@loader_path/Frameworks",
				);
				PRODUCT_BUNDLE_IDENTIFIER = "-000.--SidesTests";
				PRODUCT_NAME = "$(TARGET_NAME)";
				SWIFT_VERSION = 4.2;
				TARGETED_DEVICE_FAMILY = "1,2";
				TEST_HOST = "$(BUILT_PRODUCTS_DIR)/7 Sides.app/7 Sides";
			};
			name = Release;
		};
		0DB6BA3521B6689E005451DB /* Debug */ = {
			isa = XCBuildConfiguration;
			buildSettings = {
				ALWAYS_EMBED_SWIFT_STANDARD_LIBRARIES = YES;
				CODE_SIGN_STYLE = Automatic;
				INFOPLIST_FILE = "7 SidesUITests/Info.plist";
				LD_RUNPATH_SEARCH_PATHS = (
					"$(inherited)",
					"@executable_path/Frameworks",
					"@loader_path/Frameworks",
				);
				PRODUCT_BUNDLE_IDENTIFIER = "-000.--SidesUITests";
				PRODUCT_NAME = "$(TARGET_NAME)";
				SWIFT_VERSION = 4.2;
				TARGETED_DEVICE_FAMILY = "1,2";
				TEST_TARGET_NAME = "7 Sides";
			};
			name = Debug;
		};
		0DB6BA3621B6689E005451DB /* Release */ = {
			isa = XCBuildConfiguration;
			buildSettings = {
				ALWAYS_EMBED_SWIFT_STANDARD_LIBRARIES = YES;
				CODE_SIGN_STYLE = Automatic;
				INFOPLIST_FILE = "7 SidesUITests/Info.plist";
				LD_RUNPATH_SEARCH_PATHS = (
					"$(inherited)",
					"@executable_path/Frameworks",
					"@loader_path/Frameworks",
				);
				PRODUCT_BUNDLE_IDENTIFIER = "-000.--SidesUITests";
				PRODUCT_NAME = "$(TARGET_NAME)";
				SWIFT_VERSION = 4.2;
				TARGETED_DEVICE_FAMILY = "1,2";
				TEST_TARGET_NAME = "7 Sides";
			};
			name = Release;
		};
/* End XCBuildConfiguration section */

/* Begin XCConfigurationList section */
		0DB6B9FB21B6689C005451DB /* Build configuration list for PBXProject "7 Sides" */ = {
			isa = XCConfigurationList;
			buildConfigurations = (
				0DB6BA2C21B6689E005451DB /* Debug */,
				0DB6BA2D21B6689E005451DB /* Release */,
			);
			defaultConfigurationIsVisible = 0;
			defaultConfigurationName = Release;
		};
		0DB6BA2E21B6689E005451DB /* Build configuration list for PBXNativeTarget "7 Sides" */ = {
			isa = XCConfigurationList;
			buildConfigurations = (
				0DB6BA2F21B6689E005451DB /* Debug */,
				0DB6BA3021B6689E005451DB /* Release */,
			);
			defaultConfigurationIsVisible = 0;
			defaultConfigurationName = Release;
		};
		0DB6BA3121B6689E005451DB /* Build configuration list for PBXNativeTarget "7 SidesTests" */ = {
			isa = XCConfigurationList;
			buildConfigurations = (
				0DB6BA3221B6689E005451DB /* Debug */,
				0DB6BA3321B6689E005451DB /* Release */,
			);
			defaultConfigurationIsVisible = 0;
			defaultConfigurationName = Release;
		};
		0DB6BA3421B6689E005451DB /* Build configuration list for PBXNativeTarget "7 SidesUITests" */ = {
			isa = XCConfigurationList;
			buildConfigurations = (
				0DB6BA3521B6689E005451DB /* Debug */,
				0DB6BA3621B6689E005451DB /* Release */,
			);
			defaultConfigurationIsVisible = 0;
			defaultConfigurationName = Release;
		};
/* End XCConfigurationList section */
	};
	rootObject = 0DB6B9F821B6689C005451DB /* Project object */;
}
